
Microsoft Visual Studio Solution File, Format Version 12.00
# Visual Studio Version 17
VisualStudioVersion = 17.0.32014.148
MinimumVisualStudioVersion = 10.0.40219.1
Project("{FAE04EC0-301F-11D3-BF4B-00C04F79EFBC}") = "DataExtractor", "DataExtractor\DataExtractor.csproj", "{06921BC8-8062-4B45-8D84-78C5936FC5D0}"
EndProject
Project("{FAE04EC0-301F-11D3-BF4B-00C04F79EFBC}") = "DataExtractor.Tests", "DataExtractor.Tests\DataExtractor.Tests.csproj", "{0326A868-4462-45B0-B44B-7D7A004A5BFB}"
EndProject
Global
	GlobalSection(SolutionConfigurationPlatforms) = preSolution
		Debug|Any CPU = Debug|Any CPU
		Release|Any CPU = Release|Any CPU
	EndGlobalSection
	GlobalSection(ProjectConfigurationPlatforms) = postSolution
		{06921BC8-8062-4B45-8D84-78C5936FC5D0}.Debug|Any CPU.ActiveCfg = Debug|Any CPU
		{06921BC8-8062-4B45-8D84-78C5936FC5D0}.Debug|Any CPU.Build.0 = Debug|Any CPU
		{06921BC8-8062-4B45-8D84-78C5936FC5D0}.Release|Any CPU.ActiveCfg = Release|Any CPU
		{06921BC8-8062-4B45-8D84-78C5936FC5D0}.Release|Any CPU.Build.0 = Release|Any CPU
		{0326A868-4462-45B0-B44B-7D7A004A5BFB}.Debug|Any CPU.ActiveCfg = Debug|Any CPU
		{0326A868-4462-45B0-B44B-7D7A004A5BFB}.Debug|Any CPU.Build.0 = Debug|Any CPU
		{0326A868-4462-45B0-B44B-7D7A004A5BFB}.Release|Any CPU.ActiveCfg = Release|Any CPU
		{0326A868-4462-45B0-B44B-7D7A004A5BFB}.Release|Any CPU.Build.0 = Release|Any CPU
	EndGlobalSection
	GlobalSection(SolutionProperties) = preSolution
		HideSolutionNode = FALSE
	EndGlobalSection
	GlobalSection(ExtensibilityGlobals) = postSolution
		SolutionGuid = {896180EF-00CC-481A-975E-AF77940CF87C}
	EndGlobalSection
EndGlobal
